
Microsoft Visual Studio Solution File, Format Version 12.00
# Visual Studio Version 16
VisualStudioVersion = 16.0.30621.155
MinimumVisualStudioVersion = 15.0.26124.0
Project("{2150E333-8FDC-42A3-9474-1A3956D46DE8}") = "API", "API", "{3FEA1129-76B3-4193-8F1B-F749B086700E}"
EndProject
Project("{9A19103F-16F7-4668-BE54-9A1E7A4F7556}") = "TaskManager.API", "API\TaskManager.API\TaskManager.API.csproj", "{2FCA2750-58B0-46A8-B065-216297D9C5DB}"
EndProject
Project("{2150E333-8FDC-42A3-9474-1A3956D46DE8}") = "Models", "Models", "{70E25A08-3EDF-429E-99AD-0CA0B4DCB66B}"
EndProject
Project("{2150E333-8FDC-42A3-9474-1A3956D46DE8}") = "Data", "Data", "{F073C603-1A8D-40EB-830F-23C0A21CCAF7}"
EndProject
Project("{9A19103F-16F7-4668-BE54-9A1E7A4F7556}") = "TaskManager.Model", "TaskManager.Model\TaskManager.Model.csproj", "{5F47EBA1-3FA2-4AEC-9286-BA163D60144D}"
EndProject
Project("{2150E333-8FDC-42A3-9474-1A3956D46DE8}") = "Data Manager", "Data Manager", "{F44A8AEE-575A-4E3A-9B44-F127C5DA5149}"
EndProject
Project("{2150E333-8FDC-42A3-9474-1A3956D46DE8}") = "Database", "Database", "{C8E43B0C-2F42-4A26-A53D-A88E032A4B0B}"
EndProject
Project("{9A19103F-16F7-4668-BE54-9A1E7A4F7556}") = "TaskManager.Database", "TaskManager.Database\TaskManager.Database.csproj", "{BB791373-ADA0-4DB1-99B8-2B61BF0BC1D3}"
EndProject
Project("{9A19103F-16F7-4668-BE54-9A1E7A4F7556}") = "TaskManager.DataManager", "TaskManager.DataManager\TaskManager.DataManager.csproj", "{8F0D8258-209D-49F3-9D2E-DFD4C668B985}"
EndProject
Global
	GlobalSection(SolutionConfigurationPlatforms) = preSolution
		Debug|Any CPU = Debug|Any CPU
		Debug|x64 = Debug|x64
		Debug|x86 = Debug|x86
		Release|Any CPU = Release|Any CPU
		Release|x64 = Release|x64
		Release|x86 = Release|x86
	EndGlobalSection
	GlobalSection(ProjectConfigurationPlatforms) = postSolution
		{2FCA2750-58B0-46A8-B065-216297D9C5DB}.Debug|Any CPU.ActiveCfg = Debug|Any CPU
		{2FCA2750-58B0-46A8-B065-216297D9C5DB}.Debug|Any CPU.Build.0 = Debug|Any CPU
		{2FCA2750-58B0-46A8-B065-216297D9C5DB}.Debug|x64.ActiveCfg = Debug|Any CPU
		{2FCA2750-58B0-46A8-B065-216297D9C5DB}.Debug|x64.Build.0 = Debug|Any CPU
		{2FCA2750-58B0-46A8-B065-216297D9C5DB}.Debug|x86.ActiveCfg = Debug|Any CPU
		{2FCA2750-58B0-46A8-B065-216297D9C5DB}.Debug|x86.Build.0 = Debug|Any CPU
		{2FCA2750-58B0-46A8-B065-216297D9C5DB}.Release|Any CPU.ActiveCfg = Release|Any CPU
		{2FCA2750-58B0-46A8-B065-216297D9C5DB}.Release|Any CPU.Build.0 = Release|Any CPU
		{2FCA2750-58B0-46A8-B065-216297D9C5DB}.Release|x64.ActiveCfg = Release|Any CPU
		{2FCA2750-58B0-46A8-B065-216297D9C5DB}.Release|x64.Build.0 = Release|Any CPU
		{2FCA2750-58B0-46A8-B065-216297D9C5DB}.Release|x86.ActiveCfg = Release|Any CPU
		{2FCA2750-58B0-46A8-B065-216297D9C5DB}.Release|x86.Build.0 = Release|Any CPU
		{5F47EBA1-3FA2-4AEC-9286-BA163D60144D}.Debug|Any CPU.ActiveCfg = Debug|Any CPU
		{5F47EBA1-3FA2-4AEC-9286-BA163D60144D}.Debug|Any CPU.Build.0 = Debug|Any CPU
		{5F47EBA1-3FA2-4AEC-9286-BA163D60144D}.Debug|x64.ActiveCfg = Debug|Any CPU
		{5F47EBA1-3FA2-4AEC-9286-BA163D60144D}.Debug|x64.Build.0 = Debug|Any CPU
		{5F47EBA1-3FA2-4AEC-9286-BA163D60144D}.Debug|x86.ActiveCfg = Debug|Any CPU
		{5F47EBA1-3FA2-4AEC-9286-BA163D60144D}.Debug|x86.Build.0 = Debug|Any CPU
		{5F47EBA1-3FA2-4AEC-9286-BA163D60144D}.Release|Any CPU.ActiveCfg = Release|Any CPU
		{5F47EBA1-3FA2-4AEC-9286-BA163D60144D}.Release|Any CPU.Build.0 = Release|Any CPU
		{5F47EBA1-3FA2-4AEC-9286-BA163D60144D}.Release|x64.ActiveCfg = Release|Any CPU
		{5F47EBA1-3FA2-4AEC-9286-BA163D60144D}.Release|x64.Build.0 = Release|Any CPU
		{5F47EBA1-3FA2-4AEC-9286-BA163D60144D}.Release|x86.ActiveCfg = Release|Any CPU
		{5F47EBA1-3FA2-4AEC-9286-BA163D60144D}.Release|x86.Build.0 = Release|Any CPU
		{BB791373-ADA0-4DB1-99B8-2B61BF0BC1D3}.Debug|Any CPU.ActiveCfg = Debug|Any CPU
		{BB791373-ADA0-4DB1-99B8-2B61BF0BC1D3}.Debug|Any CPU.Build.0 = Debug|Any CPU
		{BB791373-ADA0-4DB1-99B8-2B61BF0BC1D3}.Debug|x64.ActiveCfg = Debug|Any CPU
		{BB791373-ADA0-4DB1-99B8-2B61BF0BC1D3}.Debug|x64.Build.0 = Debug|Any CPU
		{BB791373-ADA0-4DB1-99B8-2B61BF0BC1D3}.Debug|x86.ActiveCfg = Debug|Any CPU
		{BB791373-ADA0-4DB1-99B8-2B61BF0BC1D3}.Debug|x86.Build.0 = Debug|Any CPU
		{BB791373-ADA0-4DB1-99B8-2B61BF0BC1D3}.Release|Any CPU.ActiveCfg = Release|Any CPU
		{BB791373-ADA0-4DB1-99B8-2B61BF0BC1D3}.Release|Any CPU.Build.0 = Release|Any CPU
		{BB791373-ADA0-4DB1-99B8-2B61BF0BC1D3}.Release|x64.ActiveCfg = Release|Any CPU
		{BB791373-ADA0-4DB1-99B8-2B61BF0BC1D3}.Release|x64.Build.0 = Release|Any CPU
		{BB791373-ADA0-4DB1-99B8-2B61BF0BC1D3}.Release|x86.ActiveCfg = Release|Any CPU
		{BB791373-ADA0-4DB1-99B8-2B61BF0BC1D3}.Release|x86.Build.0 = Release|Any CPU
		{8F0D8258-209D-49F3-9D2E-DFD4C668B985}.Debug|Any CPU.ActiveCfg = Debug|Any CPU
		{8F0D8258-209D-49F3-9D2E-DFD4C668B985}.Debug|Any CPU.Build.0 = Debug|Any CPU
		{8F0D8258-209D-49F3-9D2E-DFD4C668B985}.Debug|x64.ActiveCfg = Debug|Any CPU
		{8F0D8258-209D-49F3-9D2E-DFD4C668B985}.Debug|x64.Build.0 = Debug|Any CPU
		{8F0D8258-209D-49F3-9D2E-DFD4C668B985}.Debug|x86.ActiveCfg = Debug|Any CPU
		{8F0D8258-209D-49F3-9D2E-DFD4C668B985}.Debug|x86.Build.0 = Debug|Any CPU
		{8F0D8258-209D-49F3-9D2E-DFD4C668B985}.Release|Any CPU.ActiveCfg = Release|Any CPU
		{8F0D8258-209D-49F3-9D2E-DFD4C668B985}.Release|Any CPU.Build.0 = Release|Any CPU
		{8F0D8258-209D-49F3-9D2E-DFD4C668B985}.Release|x64.ActiveCfg = Release|Any CPU
		{8F0D8258-209D-49F3-9D2E-DFD4C668B985}.Release|x64.Build.0 = Release|Any CPU
		{8F0D8258-209D-49F3-9D2E-DFD4C668B985}.Release|x86.ActiveCfg = Release|Any CPU
		{8F0D8258-209D-49F3-9D2E-DFD4C668B985}.Release|x86.Build.0 = Release|Any CPU
	EndGlobalSection
	GlobalSection(SolutionProperties) = preSolution
		HideSolutionNode = FALSE
	EndGlobalSection
	GlobalSection(NestedProjects) = preSolution
		{2FCA2750-58B0-46A8-B065-216297D9C5DB} = {3FEA1129-76B3-4193-8F1B-F749B086700E}
		{5F47EBA1-3FA2-4AEC-9286-BA163D60144D} = {70E25A08-3EDF-429E-99AD-0CA0B4DCB66B}
		{F44A8AEE-575A-4E3A-9B44-F127C5DA5149} = {F073C603-1A8D-40EB-830F-23C0A21CCAF7}
		{C8E43B0C-2F42-4A26-A53D-A88E032A4B0B} = {F073C603-1A8D-40EB-830F-23C0A21CCAF7}
		{BB791373-ADA0-4DB1-99B8-2B61BF0BC1D3} = {C8E43B0C-2F42-4A26-A53D-A88E032A4B0B}
		{8F0D8258-209D-49F3-9D2E-DFD4C668B985} = {F44A8AEE-575A-4E3A-9B44-F127C5DA5149}
	EndGlobalSection
	GlobalSection(ExtensibilityGlobals) = postSolution
		SolutionGuid = {4A56469D-4DFE-4B4B-8DE5-90F4DEE8DB1B}
	EndGlobalSection
EndGlobal
